
Microsoft Visual Studio Solution File, Format Version 12.00
Project("{FAE04EC0-301F-11D3-BF4B-00C04F79EFBC}") = "EnemPrep.Server", "EnemPrep.Server\EnemPrep.Server.csproj", "{D0F827CC-DB8B-4FA9-9914-BBD4CE4481A1}"
EndProject
Global
	GlobalSection(SolutionConfigurationPlatforms) = preSolution
		Debug|Any CPU = Debug|Any CPU
		Release|Any CPU = Release|Any CPU
	EndGlobalSection
	GlobalSection(ProjectConfigurationPlatforms) = postSolution
		{D0F827CC-DB8B-4FA9-9914-BBD4CE4481A1}.Debug|Any CPU.ActiveCfg = Debug|Any CPU
		{D0F827CC-DB8B-4FA9-9914-BBD4CE4481A1}.Debug|Any CPU.Build.0 = Debug|Any CPU
		{D0F827CC-DB8B-4FA9-9914-BBD4CE4481A1}.Release|Any CPU.ActiveCfg = Release|Any CPU
		{D0F827CC-DB8B-4FA9-9914-BBD4CE4481A1}.Release|Any CPU.Build.0 = Release|Any CPU
	EndGlobalSection
EndGlobal
